
Microsoft Visual Studio Solution File, Format Version 12.00
# Visual Studio Version 17
VisualStudioVersion = 17.0.31903.59
MinimumVisualStudioVersion = 10.0.40219.1
Project("{2150E333-8FDC-42A3-9474-1A3956D46DE8}") = "src", "src", "{827E0CD3-B72D-47B6-A68D-7590B98EB39B}"
EndProject
Project("{FAE04EC0-301F-11D3-BF4B-00C04F79EFBC}") = "WorkItems.Api", "src\WorkItems.Api\WorkItems.Api.csproj", "{C38923AC-A0F7-4DFF-9EDE-09A115F952F9}"
EndProject
Project("{2150E333-8FDC-42A3-9474-1A3956D46DE8}") = "tests", "tests", "{0AB3BF05-4346-4AA6-1389-037BE0695223}"
EndProject
Project("{FAE04EC0-301F-11D3-BF4B-00C04F79EFBC}") = "WorkItems.Api.Tests", "tests\WorkItems.Api.Tests\WorkItems.Api.Tests.csproj", "{E3835B18-97A6-4376-939C-F871CEB2B91C}"
EndProject
Project("{FAE04EC0-301F-11D3-BF4B-00C04F79EFBC}") = "WorkItems.Contracts", "src\WorkItems.Contracts\WorkItems.Contracts.csproj", "{14BE8673-B205-412E-A6C0-ED806FA34B9B}"
EndProject
Project("{FAE04EC0-301F-11D3-BF4B-00C04F79EFBC}") = "WorkItems.Worker", "src\WorkItems.Worker\WorkItems.Worker.csproj", "{B4EB23F5-B737-49A0-A587-EED54B5EF605}"
EndProject
Project("{FAE04EC0-301F-11D3-BF4B-00C04F79EFBC}") = "WorkItems.Worker.Tests", "tests\WorkItems.Worker.Tests\WorkItems.Worker.Tests.csproj", "{59435D7D-40DE-4925-86F7-5F912F528FB8}"
EndProject
Global
	GlobalSection(SolutionConfigurationPlatforms) = preSolution
		Debug|Any CPU = Debug|Any CPU
		Debug|x64 = Debug|x64
		Debug|x86 = Debug|x86
		Release|Any CPU = Release|Any CPU
		Release|x64 = Release|x64
		Release|x86 = Release|x86
	EndGlobalSection
	GlobalSection(ProjectConfigurationPlatforms) = postSolution
		{C38923AC-A0F7-4DFF-9EDE-09A115F952F9}.Debug|Any CPU.ActiveCfg = Debug|Any CPU
		{C38923AC-A0F7-4DFF-9EDE-09A115F952F9}.Debug|Any CPU.Build.0 = Debug|Any CPU
		{C38923AC-A0F7-4DFF-9EDE-09A115F952F9}.Debug|x64.ActiveCfg = Debug|Any CPU
		{C38923AC-A0F7-4DFF-9EDE-09A115F952F9}.Debug|x64.Build.0 = Debug|Any CPU
		{C38923AC-A0F7-4DFF-9EDE-09A115F952F9}.Debug|x86.ActiveCfg = Debug|Any CPU
		{C38923AC-A0F7-4DFF-9EDE-09A115F952F9}.Debug|x86.Build.0 = Debug|Any CPU
		{C38923AC-A0F7-4DFF-9EDE-09A115F952F9}.Release|Any CPU.ActiveCfg = Release|Any CPU
		{C38923AC-A0F7-4DFF-9EDE-09A115F952F9}.Release|Any CPU.Build.0 = Release|Any CPU
		{C38923AC-A0F7-4DFF-9EDE-09A115F952F9}.Release|x64.ActiveCfg = Release|Any CPU
		{C38923AC-A0F7-4DFF-9EDE-09A115F952F9}.Release|x64.Build.0 = Release|Any CPU
		{C38923AC-A0F7-4DFF-9EDE-09A115F952F9}.Release|x86.ActiveCfg = Release|Any CPU
		{C38923AC-A0F7-4DFF-9EDE-09A115F952F9}.Release|x86.Build.0 = Release|Any CPU
		{E3835B18-97A6-4376-939C-F871CEB2B91C}.Debug|Any CPU.ActiveCfg = Debug|Any CPU
		{E3835B18-97A6-4376-939C-F871CEB2B91C}.Debug|Any CPU.Build.0 = Debug|Any CPU
		{E3835B18-97A6-4376-939C-F871CEB2B91C}.Debug|x64.ActiveCfg = Debug|Any CPU
		{E3835B18-97A6-4376-939C-F871CEB2B91C}.Debug|x64.Build.0 = Debug|Any CPU
		{E3835B18-97A6-4376-939C-F871CEB2B91C}.Debug|x86.ActiveCfg = Debug|Any CPU
		{E3835B18-97A6-4376-939C-F871CEB2B91C}.Debug|x86.Build.0 = Debug|Any CPU
		{E3835B18-97A6-4376-939C-F871CEB2B91C}.Release|Any CPU.ActiveCfg = Release|Any CPU
		{E3835B18-97A6-4376-939C-F871CEB2B91C}.Release|Any CPU.Build.0 = Release|Any CPU
		{E3835B18-97A6-4376-939C-F871CEB2B91C}.Release|x64.ActiveCfg = Release|Any CPU
		{E3835B18-97A6-4376-939C-F871CEB2B91C}.Release|x64.Build.0 = Release|Any CPU
		{E3835B18-97A6-4376-939C-F871CEB2B91C}.Release|x86.ActiveCfg = Release|Any CPU
		{E3835B18-97A6-4376-939C-F871CEB2B91C}.Release|x86.Build.0 = Release|Any CPU
		{14BE8673-B205-412E-A6C0-ED806FA34B9B}.Debug|Any CPU.ActiveCfg = Debug|Any CPU
		{14BE8673-B205-412E-A6C0-ED806FA34B9B}.Debug|Any CPU.Build.0 = Debug|Any CPU
		{14BE8673-B205-412E-A6C0-ED806FA34B9B}.Debug|x64.ActiveCfg = Debug|Any CPU
		{14BE8673-B205-412E-A6C0-ED806FA34B9B}.Debug|x64.Build.0 = Debug|Any CPU
		{14BE8673-B205-412E-A6C0-ED806FA34B9B}.Debug|x86.ActiveCfg = Debug|Any CPU
		{14BE8673-B205-412E-A6C0-ED806FA34B9B}.Debug|x86.Build.0 = Debug|Any CPU
		{14BE8673-B205-412E-A6C0-ED806FA34B9B}.Release|Any CPU.ActiveCfg = Release|Any CPU
		{14BE8673-B205-412E-A6C0-ED806FA34B9B}.Release|Any CPU.Build.0 = Release|Any CPU
		{14BE8673-B205-412E-A6C0-ED806FA34B9B}.Release|x64.ActiveCfg = Release|Any CPU
		{14BE8673-B205-412E-A6C0-ED806FA34B9B}.Release|x64.Build.0 = Release|Any CPU
		{14BE8673-B205-412E-A6C0-ED806FA34B9B}.Release|x86.ActiveCfg = Release|Any CPU
		{14BE8673-B205-412E-A6C0-ED806FA34B9B}.Release|x86.Build.0 = Release|Any CPU
		{B4EB23F5-B737-49A0-A587-EED54B5EF605}.Debug|Any CPU.ActiveCfg = Debug|Any CPU
		{B4EB23F5-B737-49A0-A587-EED54B5EF605}.Debug|Any CPU.Build.0 = Debug|Any CPU
		{B4EB23F5-B737-49A0-A587-EED54B5EF605}.Debug|x64.ActiveCfg = Debug|Any CPU
		{B4EB23F5-B737-49A0-A587-EED54B5EF605}.Debug|x64.Build.0 = Debug|Any CPU
		{B4EB23F5-B737-49A0-A587-EED54B5EF605}.Debug|x86.ActiveCfg = Debug|Any CPU
		{B4EB23F5-B737-49A0-A587-EED54B5EF605}.Debug|x86.Build.0 = Debug|Any CPU
		{B4EB23F5-B737-49A0-A587-EED54B5EF605}.Release|Any CPU.ActiveCfg = Release|Any CPU
		{B4EB23F5-B737-49A0-A587-EED54B5EF605}.Release|Any CPU.Build.0 = Release|Any CPU
		{B4EB23F5-B737-49A0-A587-EED54B5EF605}.Release|x64.ActiveCfg = Release|Any CPU
		{B4EB23F5-B737-49A0-A587-EED54B5EF605}.Release|x64.Build.0 = Release|Any CPU
		{B4EB23F5-B737-49A0-A587-EED54B5EF605}.Release|x86.ActiveCfg = Release|Any CPU
		{B4EB23F5-B737-49A0-A587-EED54B5EF605}.Release|x86.Build.0 = Release|Any CPU
		{59435D7D-40DE-4925-86F7-5F912F528FB8}.Debug|Any CPU.ActiveCfg = Debug|Any CPU
		{59435D7D-40DE-4925-86F7-5F912F528FB8}.Debug|Any CPU.Build.0 = Debug|Any CPU
		{59435D7D-40DE-4925-86F7-5F912F528FB8}.Debug|x64.ActiveCfg = Debug|Any CPU
		{59435D7D-40DE-4925-86F7-5F912F528FB8}.Debug|x64.Build.0 = Debug|Any CPU
		{59435D7D-40DE-4925-86F7-5F912F528FB8}.Debug|x86.ActiveCfg = Debug|Any CPU
		{59435D7D-40DE-4925-86F7-5F912F528FB8}.Debug|x86.Build.0 = Debug|Any CPU
		{59435D7D-40DE-4925-86F7-5F912F528FB8}.Release|Any CPU.ActiveCfg = Release|Any CPU
		{59435D7D-40DE-4925-86F7-5F912F528FB8}.Release|Any CPU.Build.0 = Release|Any CPU
		{59435D7D-40DE-4925-86F7-5F912F528FB8}.Release|x64.ActiveCfg = Release|Any CPU
		{59435D7D-40DE-4925-86F7-5F912F528FB8}.Release|x64.Build.0 = Release|Any CPU
		{59435D7D-40DE-4925-86F7-5F912F528FB8}.Release|x86.ActiveCfg = Release|Any CPU
		{59435D7D-40DE-4925-86F7-5F912F528FB8}.Release|x86.Build.0 = Release|Any CPU
	EndGlobalSection
	GlobalSection(SolutionProperties) = preSolution
		HideSolutionNode = FALSE
	EndGlobalSection
	GlobalSection(NestedProjects) = preSolution
		{C38923AC-A0F7-4DFF-9EDE-09A115F952F9} = {827E0CD3-B72D-47B6-A68D-7590B98EB39B}
		{E3835B18-97A6-4376-939C-F871CEB2B91C} = {0AB3BF05-4346-4AA6-1389-037BE0695223}
		{14BE8673-B205-412E-A6C0-ED806FA34B9B} = {827E0CD3-B72D-47B6-A68D-7590B98EB39B}
		{B4EB23F5-B737-49A0-A587-EED54B5EF605} = {827E0CD3-B72D-47B6-A68D-7590B98EB39B}
		{59435D7D-40DE-4925-86F7-5F912F528FB8} = {0AB3BF05-4346-4AA6-1389-037BE0695223}
	EndGlobalSection
EndGlobal
